// !$*UTF8*$!
{
	archiveVersion = 1;
	classes = {
	};
	objectVersion = 50;
	objects = {

/* Begin PBXBuildFile section */
		51137567A62FBC9644774052 /* Pods_FormationSwift.framework in Frameworks */ = {isa = PBXBuildFile; fileRef = ACAC97302A06998C8FC311C5 /* Pods_FormationSwift.framework */; };
		7EFB247196FDAD6102E6672A /* Pods_FormationSwiftTests.framework in Frameworks */ = {isa = PBXBuildFile; fileRef = DADCEAF2E89510CFEE3A3C75 /* Pods_FormationSwiftTests.framework */; };
		FA22B81A229446FC00285732 /* AppDelegate.swift in Sources */ = {isa = PBXBuildFile; fileRef = FA22B819229446FC00285732 /* AppDelegate.swift */; };
		FA22B81C229446FC00285732 /* ArticleDetailViewController.swift in Sources */ = {isa = PBXBuildFile; fileRef = FA22B81B229446FC00285732 /* ArticleDetailViewController.swift */; };
		FA22B81F229446FC00285732 /* Main.storyboard in Resources */ = {isa = PBXBuildFile; fileRef = FA22B81D229446FC00285732 /* Main.storyboard */; };
		FA22B821229446FD00285732 /* Assets.xcassets in Resources */ = {isa = PBXBuildFile; fileRef = FA22B820229446FD00285732 /* Assets.xcassets */; };
		FA22B824229446FD00285732 /* LaunchScreen.storyboard in Resources */ = {isa = PBXBuildFile; fileRef = FA22B822229446FD00285732 /* LaunchScreen.storyboard */; };
		FA22B82F229446FD00285732 /* FormationSwiftTests.swift in Sources */ = {isa = PBXBuildFile; fileRef = FA22B82E229446FD00285732 /* FormationSwiftTests.swift */; };
		FA22B83A229446FD00285732 /* FormationSwiftUITests.swift in Sources */ = {isa = PBXBuildFile; fileRef = FA22B839229446FD00285732 /* FormationSwiftUITests.swift */; };
		FA2F6CB7229BDCA3006366F0 /* Article.swift in Sources */ = {isa = PBXBuildFile; fileRef = FA2F6CB6229BDCA3006366F0 /* Article.swift */; };
		FA2F6CBA229BEA8B006366F0 /* ArticleListViewController.swift in Sources */ = {isa = PBXBuildFile; fileRef = FA2F6CB9229BEA8B006366F0 /* ArticleListViewController.swift */; };
		FA2F6CBD229C13EF006366F0 /* MyLuckyDay.swift in Sources */ = {isa = PBXBuildFile; fileRef = FA2F6CBC229C13EF006366F0 /* MyLuckyDay.swift */; };
		FA2F6CBF229C217E006366F0 /* ArticleTableViewCell.swift in Sources */ = {isa = PBXBuildFile; fileRef = FA2F6CBE229C217E006366F0 /* ArticleTableViewCell.swift */; };
		FE4BB263489E0AD34E054022 /* Pods_FormationSwiftUITests.framework in Frameworks */ = {isa = PBXBuildFile; fileRef = 3CE66FA30176DF4D510B9F7B /* Pods_FormationSwiftUITests.framework */; };
/* End PBXBuildFile section */

/* Begin PBXContainerItemProxy section */
		FA22B82B229446FD00285732 /* PBXContainerItemProxy */ = {
			isa = PBXContainerItemProxy;
			containerPortal = FA22B80E229446FC00285732 /* Project object */;
			proxyType = 1;
			remoteGlobalIDString = FA22B815229446FC00285732;
			remoteInfo = FormationSwift;
		};
		FA22B836229446FD00285732 /* PBXContainerItemProxy */ = {
			isa = PBXContainerItemProxy;
			containerPortal = FA22B80E229446FC00285732 /* Project object */;
			proxyType = 1;
			remoteGlobalIDString = FA22B815229446FC00285732;
			remoteInfo = FormationSwift;
		};
/* End PBXContainerItemProxy section */

/* Begin PBXFileReference section */
		3CE66FA30176DF4D510B9F7B /* Pods_FormationSwiftUITests.framework */ = {isa = PBXFileReference; explicitFileType = wrapper.framework; includeInIndex = 0; path = Pods_FormationSwiftUITests.framework; sourceTree = BUILT_PRODUCTS_DIR; };
		439499AF6E33BDC4327E33B8 /* Pods-FormationSwift.release.xcconfig */ = {isa = PBXFileReference; includeInIndex = 1; lastKnownFileType = text.xcconfig; name = "Pods-FormationSwift.release.xcconfig"; path = "Target Support Files/Pods-FormationSwift/Pods-FormationSwift.release.xcconfig"; sourceTree = "<group>"; };
		88C38823B01DAE7EE0848112 /* Pods-FormationSwift.debug.xcconfig */ = {isa = PBXFileReference; includeInIndex = 1; lastKnownFileType = text.xcconfig; name = "Pods-FormationSwift.debug.xcconfig"; path = "Target Support Files/Pods-FormationSwift/Pods-FormationSwift.debug.xcconfig"; sourceTree = "<group>"; };
		923B9B873BD2AA3E43FE69C3 /* Pods-FormationSwiftUITests.release.xcconfig */ = {isa = PBXFileReference; includeInIndex = 1; lastKnownFileType = text.xcconfig; name = "Pods-FormationSwiftUITests.release.xcconfig"; path = "Target Support Files/Pods-FormationSwiftUITests/Pods-FormationSwiftUITests.release.xcconfig"; sourceTree = "<group>"; };
		A923A9CA74D34F9BA9889057 /* Pods-FormationSwiftTests.release.xcconfig */ = {isa = PBXFileReference; includeInIndex = 1; lastKnownFileType = text.xcconfig; name = "Pods-FormationSwiftTests.release.xcconfig"; path = "Target Support Files/Pods-FormationSwiftTests/Pods-FormationSwiftTests.release.xcconfig"; sourceTree = "<group>"; };
		ACAC97302A06998C8FC311C5 /* Pods_FormationSwift.framework */ = {isa = PBXFileReference; explicitFileType = wrapper.framework; includeInIndex = 0; path = Pods_FormationSwift.framework; sourceTree = BUILT_PRODUCTS_DIR; };
		D6BDF77B492A80F9E59D2179 /* Pods-FormationSwiftUITests.debug.xcconfig */ = {isa = PBXFileReference; includeInIndex = 1; lastKnownFileType = text.xcconfig; name = "Pods-FormationSwiftUITests.debug.xcconfig"; path = "Target Support Files/Pods-FormationSwiftUITests/Pods-FormationSwiftUITests.debug.xcconfig"; sourceTree = "<group>"; };
		DADCEAF2E89510CFEE3A3C75 /* Pods_FormationSwiftTests.framework */ = {isa = PBXFileReference; explicitFileType = wrapper.framework; includeInIndex = 0; path = Pods_FormationSwiftTests.framework; sourceTree = BUILT_PRODUCTS_DIR; };
		EB8A28D63FAC8CB846C3280D /* Pods-FormationSwiftTests.debug.xcconfig */ = {isa = PBXFileReference; includeInIndex = 1; lastKnownFileType = text.xcconfig; name = "Pods-FormationSwiftTests.debug.xcconfig"; path = "Target Support Files/Pods-FormationSwiftTests/Pods-FormationSwiftTests.debug.xcconfig"; sourceTree = "<group>"; };
		FA22B816229446FC00285732 /* FormationSwift.app */ = {isa = PBXFileReference; explicitFileType = wrapper.application; includeInIndex = 0; path = FormationSwift.app; sourceTree = BUILT_PRODUCTS_DIR; };
		FA22B819229446FC00285732 /* AppDelegate.swift */ = {isa = PBXFileReference; lastKnownFileType = sourcecode.swift; path = AppDelegate.swift; sourceTree = "<group>"; };
		FA22B81B229446FC00285732 /* ArticleDetailViewController.swift */ = {isa = PBXFileReference; lastKnownFileType = sourcecode.swift; path = ArticleDetailViewController.swift; sourceTree = "<group>"; };
		FA22B81E229446FC00285732 /* Base */ = {isa = PBXFileReference; lastKnownFileType = file.storyboard; name = Base; path = Base.lproj/Main.storyboard; sourceTree = "<group>"; };
		FA22B820229446FD00285732 /* Assets.xcassets */ = {isa = PBXFileReference; lastKnownFileType = folder.assetcatalog; path = Assets.xcassets; sourceTree = "<group>"; };
		FA22B823229446FD00285732 /* Base */ = {isa = PBXFileReference; lastKnownFileType = file.storyboard; name = Base; path = Base.lproj/LaunchScreen.storyboard; sourceTree = "<group>"; };
		FA22B825229446FD00285732 /* Info.plist */ = {isa = PBXFileReference; lastKnownFileType = text.plist.xml; path = Info.plist; sourceTree = "<group>"; };
		FA22B82A229446FD00285732 /* FormationSwiftTests.xctest */ = {isa = PBXFileReference; explicitFileType = wrapper.cfbundle; includeInIndex = 0; path = FormationSwiftTests.xctest; sourceTree = BUILT_PRODUCTS_DIR; };
		FA22B82E229446FD00285732 /* FormationSwiftTests.swift */ = {isa = PBXFileReference; lastKnownFileType = sourcecode.swift; path = FormationSwiftTests.swift; sourceTree = "<group>"; };
		FA22B830229446FD00285732 /* Info.plist */ = {isa = PBXFileReference; lastKnownFileType = text.plist.xml; path = Info.plist; sourceTree = "<group>"; };
		FA22B835229446FD00285732 /* FormationSwiftUITests.xctest */ = {isa = PBXFileReference; explicitFileType = wrapper.cfbundle; includeInIndex = 0; path = FormationSwiftUITests.xctest; sourceTree = BUILT_PRODUCTS_DIR; };
		FA22B839229446FD00285732 /* FormationSwiftUITests.swift */ = {isa = PBXFileReference; lastKnownFileType = sourcecode.swift; path = FormationSwiftUITests.swift; sourceTree = "<group>"; };
		FA22B83B229446FD00285732 /* Info.plist */ = {isa = PBXFileReference; lastKnownFileType = text.plist.xml; path = Info.plist; sourceTree = "<group>"; };
		FA2F6CB6229BDCA3006366F0 /* Article.swift */ = {isa = PBXFileReference; lastKnownFileType = sourcecode.swift; path = Article.swift; sourceTree = "<group>"; };
		FA2F6CB9229BEA8B006366F0 /* ArticleListViewController.swift */ = {isa = PBXFileReference; lastKnownFileType = sourcecode.swift; path = ArticleListViewController.swift; sourceTree = "<group>"; };
		FA2F6CBC229C13EF006366F0 /* MyLuckyDay.swift */ = {isa = PBXFileReference; lastKnownFileType = sourcecode.swift; path = MyLuckyDay.swift; sourceTree = "<group>"; };
		FA2F6CBE229C217E006366F0 /* ArticleTableViewCell.swift */ = {isa = PBXFileReference; lastKnownFileType = sourcecode.swift; path = ArticleTableViewCell.swift; sourceTree = "<group>"; };
/* End PBXFileReference section */

/* Begin PBXFrameworksBuildPhase section */
		FA22B813229446FC00285732 /* Frameworks */ = {
			isa = PBXFrameworksBuildPhase;
			buildActionMask = 2147483647;
			files = (
				51137567A62FBC9644774052 /* Pods_FormationSwift.framework in Frameworks */,
			);
			runOnlyForDeploymentPostprocessing = 0;
		};
		FA22B827229446FD00285732 /* Frameworks */ = {
			isa = PBXFrameworksBuildPhase;
			buildActionMask = 2147483647;
			files = (
				7EFB247196FDAD6102E6672A /* Pods_FormationSwiftTests.framework in Frameworks */,
			);
			runOnlyForDeploymentPostprocessing = 0;
		};
		FA22B832229446FD00285732 /* Frameworks */ = {
			isa = PBXFrameworksBuildPhase;
			buildActionMask = 2147483647;
			files = (
				FE4BB263489E0AD34E054022 /* Pods_FormationSwiftUITests.framework in Frameworks */,
			);
			runOnlyForDeploymentPostprocessing = 0;
		};
/* End PBXFrameworksBuildPhase section */

/* Begin PBXGroup section */
		1B2CD5E65C0FD74376925DA4 /* Pods */ = {
			isa = PBXGroup;
			children = (
				88C38823B01DAE7EE0848112 /* Pods-FormationSwift.debug.xcconfig */,
				439499AF6E33BDC4327E33B8 /* Pods-FormationSwift.release.xcconfig */,
				EB8A28D63FAC8CB846C3280D /* Pods-FormationSwiftTests.debug.xcconfig */,
				A923A9CA74D34F9BA9889057 /* Pods-FormationSwiftTests.release.xcconfig */,
				D6BDF77B492A80F9E59D2179 /* Pods-FormationSwiftUITests.debug.xcconfig */,
				923B9B873BD2AA3E43FE69C3 /* Pods-FormationSwiftUITests.release.xcconfig */,
			);
			path = Pods;
			sourceTree = "<group>";
		};
		F86997B0C849C4AA36A9BB88 /* Frameworks */ = {
			isa = PBXGroup;
			children = (
				ACAC97302A06998C8FC311C5 /* Pods_FormationSwift.framework */,
				DADCEAF2E89510CFEE3A3C75 /* Pods_FormationSwiftTests.framework */,
				3CE66FA30176DF4D510B9F7B /* Pods_FormationSwiftUITests.framework */,
			);
			name = Frameworks;
			sourceTree = "<group>";
		};
		FA22B80D229446FC00285732 = {
			isa = PBXGroup;
			children = (
				FA22B818229446FC00285732 /* FormationSwift */,
				FA22B82D229446FD00285732 /* FormationSwiftTests */,
				FA22B838229446FD00285732 /* FormationSwiftUITests */,
				FA22B817229446FC00285732 /* Products */,
				1B2CD5E65C0FD74376925DA4 /* Pods */,
				F86997B0C849C4AA36A9BB88 /* Frameworks */,
			);
			sourceTree = "<group>";
		};
		FA22B817229446FC00285732 /* Products */ = {
			isa = PBXGroup;
			children = (
				FA22B816229446FC00285732 /* FormationSwift.app */,
				FA22B82A229446FD00285732 /* FormationSwiftTests.xctest */,
				FA22B835229446FD00285732 /* FormationSwiftUITests.xctest */,
			);
			name = Products;
			sourceTree = "<group>";
		};
		FA22B818229446FC00285732 /* FormationSwift */ = {
			isa = PBXGroup;
			children = (
				FA2F6CBB229C1256006366F0 /* api */,
				FA2F6CB8229BDF32006366F0 /* presentation */,
				FA2F6CB5229BDC90006366F0 /* data */,
				FA22B819229446FC00285732 /* AppDelegate.swift */,
				FA22B81D229446FC00285732 /* Main.storyboard */,
				FA22B820229446FD00285732 /* Assets.xcassets */,
				FA22B822229446FD00285732 /* LaunchScreen.storyboard */,
				FA22B825229446FD00285732 /* Info.plist */,
			);
			path = FormationSwift;
			sourceTree = "<group>";
		};
		FA22B82D229446FD00285732 /* FormationSwiftTests */ = {
			isa = PBXGroup;
			children = (
				FA22B82E229446FD00285732 /* FormationSwiftTests.swift */,
				FA22B830229446FD00285732 /* Info.plist */,
			);
			path = FormationSwiftTests;
			sourceTree = "<group>";
		};
		FA22B838229446FD00285732 /* FormationSwiftUITests */ = {
			isa = PBXGroup;
			children = (
				FA22B839229446FD00285732 /* FormationSwiftUITests.swift */,
				FA22B83B229446FD00285732 /* Info.plist */,
			);
			path = FormationSwiftUITests;
			sourceTree = "<group>";
		};
		FA2F6CB5229BDC90006366F0 /* data */ = {
			isa = PBXGroup;
			children = (
				FA2F6CB6229BDCA3006366F0 /* Article.swift */,
			);
			path = data;
			sourceTree = "<group>";
		};
		FA2F6CB8229BDF32006366F0 /* presentation */ = {
			isa = PBXGroup;
			children = (
				FA2F6CB9229BEA8B006366F0 /* ArticleListViewController.swift */,
				FA2F6CBE229C217E006366F0 /* ArticleTableViewCell.swift */,
				FA22B81B229446FC00285732 /* ArticleDetailViewController.swift */,
			);
			path = presentation;
			sourceTree = "<group>";
		};
		FA2F6CBB229C1256006366F0 /* api */ = {
			isa = PBXGroup;
			children = (
				FA2F6CBC229C13EF006366F0 /* MyLuckyDay.swift */,
			);
			path = api;
			sourceTree = "<group>";
		};
/* End PBXGroup section */

/* Begin PBXNativeTarget section */
		FA22B815229446FC00285732 /* FormationSwift */ = {
			isa = PBXNativeTarget;
			buildConfigurationList = FA22B83E229446FD00285732 /* Build configuration list for PBXNativeTarget "FormationSwift" */;
			buildPhases = (
				59A9A70A4C0C4C2FBDD7A051 /* [CP] Check Pods Manifest.lock */,
				FA22B812229446FC00285732 /* Sources */,
				FA22B813229446FC00285732 /* Frameworks */,
				FA22B814229446FC00285732 /* Resources */,
				C11778F0A6B1E41A65A454D8 /* [CP] Embed Pods Frameworks */,
			);
			buildRules = (
			);
			dependencies = (
			);
			name = FormationSwift;
			productName = FormationSwift;
			productReference = FA22B816229446FC00285732 /* FormationSwift.app */;
			productType = "com.apple.product-type.application";
		};
		FA22B829229446FD00285732 /* FormationSwiftTests */ = {
			isa = PBXNativeTarget;
			buildConfigurationList = FA22B841229446FD00285732 /* Build configuration list for PBXNativeTarget "FormationSwiftTests" */;
			buildPhases = (
				539BC397E57F2155923A0E22 /* [CP] Check Pods Manifest.lock */,
				FA22B826229446FD00285732 /* Sources */,
				FA22B827229446FD00285732 /* Frameworks */,
				FA22B828229446FD00285732 /* Resources */,
			);
			buildRules = (
			);
			dependencies = (
				FA22B82C229446FD00285732 /* PBXTargetDependency */,
			);
			name = FormationSwiftTests;
			productName = FormationSwiftTests;
			productReference = FA22B82A229446FD00285732 /* FormationSwiftTests.xctest */;
			productType = "com.apple.product-type.bundle.unit-test";
		};
		FA22B834229446FD00285732 /* FormationSwiftUITests */ = {
			isa = PBXNativeTarget;
			buildConfigurationList = FA22B844229446FD00285732 /* Build configuration list for PBXNativeTarget "FormationSwiftUITests" */;
			buildPhases = (
				5C25DDE1AFCC523B9BD37219 /* [CP] Check Pods Manifest.lock */,
				FA22B831229446FD00285732 /* Sources */,
				FA22B832229446FD00285732 /* Frameworks */,
				FA22B833229446FD00285732 /* Resources */,
			);
			buildRules = (
			);
			dependencies = (
				FA22B837229446FD00285732 /* PBXTargetDependency */,
			);
			name = FormationSwiftUITests;
			productName = FormationSwiftUITests;
			productReference = FA22B835229446FD00285732 /* FormationSwiftUITests.xctest */;
			productType = "com.apple.product-type.bundle.ui-testing";
		};
/* End PBXNativeTarget section */

/* Begin PBXProject section */
		FA22B80E229446FC00285732 /* Project object */ = {
			isa = PBXProject;
			attributes = {
				LastSwiftUpdateCheck = 1020;
				LastUpgradeCheck = 1020;
				ORGANIZATIONNAME = MyLuckyDay;
				TargetAttributes = {
					FA22B815229446FC00285732 = {
						CreatedOnToolsVersion = 10.2.1;
					};
					FA22B829229446FD00285732 = {
						CreatedOnToolsVersion = 10.2.1;
						TestTargetID = FA22B815229446FC00285732;
					};
					FA22B834229446FD00285732 = {
						CreatedOnToolsVersion = 10.2.1;
						TestTargetID = FA22B815229446FC00285732;
					};
				};
			};
			buildConfigurationList = FA22B811229446FC00285732 /* Build configuration list for PBXProject "FormationSwift" */;
			compatibilityVersion = "Xcode 9.3";
			developmentRegion = en;
			hasScannedForEncodings = 0;
			knownRegions = (
				en,
				Base,
			);
			mainGroup = FA22B80D229446FC00285732;
			productRefGroup = FA22B817229446FC00285732 /* Products */;
			projectDirPath = "";
			projectRoot = "";
			targets = (
				FA22B815229446FC00285732 /* FormationSwift */,
				FA22B829229446FD00285732 /* FormationSwiftTests */,
				FA22B834229446FD00285732 /* FormationSwiftUITests */,
			);
		};
/* End PBXProject section */

/* Begin PBXResourcesBuildPhase section */
		FA22B814229446FC00285732 /* Resources */ = {
			isa = PBXResourcesBuildPhase;
			buildActionMask = 2147483647;
			files = (
				FA22B824229446FD00285732 /* LaunchScreen.storyboard in Resources */,
				FA22B821229446FD00285732 /* Assets.xcassets in Resources */,
				FA22B81F229446FC00285732 /* Main.storyboard in Resources */,
			);
			runOnlyForDeploymentPostprocessing = 0;
		};
		FA22B828229446FD00285732 /* Resources */ = {
			isa = PBXResourcesBuildPhase;
			buildActionMask = 2147483647;
			files = (
			);
			runOnlyForDeploymentPostprocessing = 0;
		};
		FA22B833229446FD00285732 /* Resources */ = {
			isa = PBXResourcesBuildPhase;
			buildActionMask = 2147483647;
			files = (
			);
			runOnlyForDeploymentPostprocessing = 0;
		};
/* End PBXResourcesBuildPhase section */

/* Begin PBXShellScriptBuildPhase section */
		539BC397E57F2155923A0E22 /* [CP] Check Pods Manifest.lock */ = {
			isa = PBXShellScriptBuildPhase;
			buildActionMask = 2147483647;
			files = (
			);
			inputFileListPaths = (
			);
			inputPaths = (
				"${PODS_PODFILE_DIR_PATH}/Podfile.lock",
				"${PODS_ROOT}/Manifest.lock",
			);
			name = "[CP] Check Pods Manifest.lock";
			outputFileListPaths = (
			);
			outputPaths = (
				"$(DERIVED_FILE_DIR)/Pods-FormationSwiftTests-checkManifestLockResult.txt",
			);
			runOnlyForDeploymentPostprocessing = 0;
			shellPath = /bin/sh;
			shellScript = "diff \"${PODS_PODFILE_DIR_PATH}/Podfile.lock\" \"${PODS_ROOT}/Manifest.lock\" > /dev/null\nif [ $? != 0 ] ; then\n    # print error to STDERR\n    echo \"error: The sandbox is not in sync with the Podfile.lock. Run 'pod install' or update your CocoaPods installation.\" >&2\n    exit 1\nfi\n# This output is used by Xcode 'outputs' to avoid re-running this script phase.\necho \"SUCCESS\" > \"${SCRIPT_OUTPUT_FILE_0}\"\n";
			showEnvVarsInLog = 0;
		};
		59A9A70A4C0C4C2FBDD7A051 /* [CP] Check Pods Manifest.lock */ = {
			isa = PBXShellScriptBuildPhase;
			buildActionMask = 2147483647;
			files = (
			);
			inputFileListPaths = (
			);
			inputPaths = (
				"${PODS_PODFILE_DIR_PATH}/Podfile.lock",
				"${PODS_ROOT}/Manifest.lock",
			);
			name = "[CP] Check Pods Manifest.lock";
			outputFileListPaths = (
			);
			outputPaths = (
				"$(DERIVED_FILE_DIR)/Pods-FormationSwift-checkManifestLockResult.txt",
			);
			runOnlyForDeploymentPostprocessing = 0;
			shellPath = /bin/sh;
			shellScript = "diff \"${PODS_PODFILE_DIR_PATH}/Podfile.lock\" \"${PODS_ROOT}/Manifest.lock\" > /dev/null\nif [ $? != 0 ] ; then\n    # print error to STDERR\n    echo \"error: The sandbox is not in sync with the Podfile.lock. Run 'pod install' or update your CocoaPods installation.\" >&2\n    exit 1\nfi\n# This output is used by Xcode 'outputs' to avoid re-running this script phase.\necho \"SUCCESS\" > \"${SCRIPT_OUTPUT_FILE_0}\"\n";
			showEnvVarsInLog = 0;
		};
		5C25DDE1AFCC523B9BD37219 /* [CP] Check Pods Manifest.lock */ = {
			isa = PBXShellScriptBuildPhase;
			buildActionMask = 2147483647;
			files = (
			);
			inputFileListPaths = (
			);
			inputPaths = (
				"${PODS_PODFILE_DIR_PATH}/Podfile.lock",
				"${PODS_ROOT}/Manifest.lock",
			);
			name = "[CP] Check Pods Manifest.lock";
			outputFileListPaths = (
			);
			outputPaths = (
				"$(DERIVED_FILE_DIR)/Pods-FormationSwiftUITests-checkManifestLockResult.txt",
			);
			runOnlyForDeploymentPostprocessing = 0;
			shellPath = /bin/sh;
			shellScript = "diff \"${PODS_PODFILE_DIR_PATH}/Podfile.lock\" \"${PODS_ROOT}/Manifest.lock\" > /dev/null\nif [ $? != 0 ] ; then\n    # print error to STDERR\n    echo \"error: The sandbox is not in sync with the Podfile.lock. Run 'pod install' or update your CocoaPods installation.\" >&2\n    exit 1\nfi\n# This output is used by Xcode 'outputs' to avoid re-running this script phase.\necho \"SUCCESS\" > \"${SCRIPT_OUTPUT_FILE_0}\"\n";
			showEnvVarsInLog = 0;
		};
		C11778F0A6B1E41A65A454D8 /* [CP] Embed Pods Frameworks */ = {
			isa = PBXShellScriptBuildPhase;
			buildActionMask = 2147483647;
			files = (
			);
			inputFileListPaths = (
			);
			inputPaths = (
				"${PODS_ROOT}/Target Support Files/Pods-FormationSwift/Pods-FormationSwift-frameworks.sh",
				"${BUILT_PRODUCTS_DIR}/Alamofire/Alamofire.framework",
				"${BUILT_PRODUCTS_DIR}/AlamofireImage/AlamofireImage.framework",
				"${BUILT_PRODUCTS_DIR}/Moya/Moya.framework",
				"${BUILT_PRODUCTS_DIR}/Result/Result.framework",
			);
			name = "[CP] Embed Pods Frameworks";
			outputFileListPaths = (
			);
			outputPaths = (
				"${TARGET_BUILD_DIR}/${FRAMEWORKS_FOLDER_PATH}/Alamofire.framework",
				"${TARGET_BUILD_DIR}/${FRAMEWORKS_FOLDER_PATH}/AlamofireImage.framework",
				"${TARGET_BUILD_DIR}/${FRAMEWORKS_FOLDER_PATH}/Moya.framework",
				"${TARGET_BUILD_DIR}/${FRAMEWORKS_FOLDER_PATH}/Result.framework",
			);
			runOnlyForDeploymentPostprocessing = 0;
			shellPath = /bin/sh;
			shellScript = "\"${PODS_ROOT}/Target Support Files/Pods-FormationSwift/Pods-FormationSwift-frameworks.sh\"\n";
			showEnvVarsInLog = 0;
		};
/* End PBXShellScriptBuildPhase section */

/* Begin PBXSourcesBuildPhase section */
		FA22B812229446FC00285732 /* Sources */ = {
			isa = PBXSourcesBuildPhase;
			buildActionMask = 2147483647;
			files = (
				FA2F6CBF229C217E006366F0 /* ArticleTableViewCell.swift in Sources */,
				FA22B81C229446FC00285732 /* ArticleDetailViewController.swift in Sources */,
				FA2F6CBA229BEA8B006366F0 /* ArticleListViewController.swift in Sources */,
				FA2F6CBD229C13EF006366F0 /* MyLuckyDay.swift in Sources */,
				FA22B81A229446FC00285732 /* AppDelegate.swift in Sources */,
				FA2F6CB7229BDCA3006366F0 /* Article.swift in Sources */,
			);
			runOnlyForDeploymentPostprocessing = 0;
		};
		FA22B826229446FD00285732 /* Sources */ = {
			isa = PBXSourcesBuildPhase;
			buildActionMask = 2147483647;
			files = (
				FA22B82F229446FD00285732 /* FormationSwiftTests.swift in Sources */,
			);
			runOnlyForDeploymentPostprocessing = 0;
		};
		FA22B831229446FD00285732 /* Sources */ = {
			isa = PBXSourcesBuildPhase;
			buildActionMask = 2147483647;
			files = (
				FA22B83A229446FD00285732 /* FormationSwiftUITests.swift in Sources */,
			);
			runOnlyForDeploymentPostprocessing = 0;
		};
/* End PBXSourcesBuildPhase section */

/* Begin PBXTargetDependency section */
		FA22B82C229446FD00285732 /* PBXTargetDependency */ = {
			isa = PBXTargetDependency;
			target = FA22B815229446FC00285732 /* FormationSwift */;
			targetProxy = FA22B82B229446FD00285732 /* PBXContainerItemProxy */;
		};
		FA22B837229446FD00285732 /* PBXTargetDependency */ = {
			isa = PBXTargetDependency;
			target = FA22B815229446FC00285732 /* FormationSwift */;
			targetProxy = FA22B836229446FD00285732 /* PBXContainerItemProxy */;
		};
/* End PBXTargetDependency section */

/* Begin PBXVariantGroup section */
		FA22B81D229446FC00285732 /* Main.storyboard */ = {
			isa = PBXVariantGroup;
			children = (
				FA22B81E229446FC00285732 /* Base */,
			);
			name = Main.storyboard;
			sourceTree = "<group>";
		};
		FA22B822229446FD00285732 /* LaunchScreen.storyboard */ = {
			isa = PBXVariantGroup;
			children = (
				FA22B823229446FD00285732 /* Base */,
			);
			name = LaunchScreen.storyboard;
			sourceTree = "<group>";
		};
/* End PBXVariantGroup section */

/* Begin XCBuildConfiguration section */
		FA22B83C229446FD00285732 /* Debug */ = {
			isa = XCBuildConfiguration;
			buildSettings = {
				ALWAYS_SEARCH_USER_PATHS = NO;
				CLANG_ANALYZER_NONNULL = YES;
				CLANG_ANALYZER_NUMBER_OBJECT_CONVERSION = YES_AGGRESSIVE;
				CLANG_CXX_LANGUAGE_STANDARD = "gnu++14";
				CLANG_CXX_LIBRARY = "libc++";
				CLANG_ENABLE_MODULES = YES;
				CLANG_ENABLE_OBJC_ARC = YES;
				CLANG_ENABLE_OBJC_WEAK = YES;
				CLANG_WARN_BLOCK_CAPTURE_AUTORELEASING = YES;
				CLANG_WARN_BOOL_CONVERSION = YES;
				CLANG_WARN_COMMA = YES;
				CLANG_WARN_CONSTANT_CONVERSION = YES;
				CLANG_WARN_DEPRECATED_OBJC_IMPLEMENTATIONS = YES;
				CLANG_WARN_DIRECT_OBJC_ISA_USAGE = YES_ERROR;
				CLANG_WARN_DOCUMENTATION_COMMENTS = YES;
				CLANG_WARN_EMPTY_BODY = YES;
				CLANG_WARN_ENUM_CONVERSION = YES;
				CLANG_WARN_INFINITE_RECURSION = YES;
				CLANG_WARN_INT_CONVERSION = YES;
				CLANG_WARN_NON_LITERAL_NULL_CONVERSION = YES;
				CLANG_WARN_OBJC_IMPLICIT_RETAIN_SELF = YES;
				CLANG_WARN_OBJC_LITERAL_CONVERSION = YES;
				CLANG_WARN_OBJC_ROOT_CLASS = YES_ERROR;
				CLANG_WARN_RANGE_LOOP_ANALYSIS = YES;
				CLANG_WARN_STRICT_PROTOTYPES = YES;
				CLANG_WARN_SUSPICIOUS_MOVE = YES;
				CLANG_WARN_UNGUARDED_AVAILABILITY = YES_AGGRESSIVE;
				CLANG_WARN_UNREACHABLE_CODE = YES;
				CLANG_WARN__DUPLICATE_METHOD_MATCH = YES;
				CODE_SIGN_IDENTITY = "iPhone Developer";
				COPY_PHASE_STRIP = NO;
				DEBUG_INFORMATION_FORMAT = dwarf;
				ENABLE_STRICT_OBJC_MSGSEND = YES;
				ENABLE_TESTABILITY = YES;
				GCC_C_LANGUAGE_STANDARD = gnu11;
				GCC_DYNAMIC_NO_PIC = NO;
				GCC_NO_COMMON_BLOCKS = YES;
				GCC_OPTIMIZATION_LEVEL = 0;
				GCC_PREPROCESSOR_DEFINITIONS = (
					"DEBUG=1",
					"$(inherited)",
				);
				GCC_WARN_64_TO_32_BIT_CONVERSION = YES;
				GCC_WARN_ABOUT_RETURN_TYPE = YES_ERROR;
				GCC_WARN_UNDECLARED_SELECTOR = YES;
				GCC_WARN_UNINITIALIZED_AUTOS = YES_AGGRESSIVE;
				GCC_WARN_UNUSED_FUNCTION = YES;
				GCC_WARN_UNUSED_VARIABLE = YES;
				IPHONEOS_DEPLOYMENT_TARGET = 11.4;
				MTL_ENABLE_DEBUG_INFO = INCLUDE_SOURCE;
				MTL_FAST_MATH = YES;
				ONLY_ACTIVE_ARCH = YES;
				SDKROOT = iphoneos;
				SWIFT_ACTIVE_COMPILATION_CONDITIONS = DEBUG;
				SWIFT_OPTIMIZATION_LEVEL = "-Onone";
			};
			name = Debug;
		};
		FA22B83D229446FD00285732 /* Release */ = {
			isa = XCBuildConfiguration;
			buildSettings = {
				ALWAYS_SEARCH_USER_PATHS = NO;
				CLANG_ANALYZER_NONNULL = YES;
				CLANG_ANALYZER_NUMBER_OBJECT_CONVERSION = YES_AGGRESSIVE;
				CLANG_CXX_LANGUAGE_STANDARD = "gnu++14";
				CLANG_CXX_LIBRARY = "libc++";
				CLANG_ENABLE_MODULES = YES;
				CLANG_ENABLE_OBJC_ARC = YES;
				CLANG_ENABLE_OBJC_WEAK = YES;
				CLANG_WARN_BLOCK_CAPTURE_AUTORELEASING = YES;
				CLANG_WARN_BOOL_CONVERSION = YES;
				CLANG_WARN_COMMA = YES;
				CLANG_WARN_CONSTANT_CONVERSION = YES;
				CLANG_WARN_DEPRECATED_OBJC_IMPLEMENTATIONS = YES;
				CLANG_WARN_DIRECT_OBJC_ISA_USAGE = YES_ERROR;
				CLANG_WARN_DOCUMENTATION_COMMENTS = YES;
				CLANG_WARN_EMPTY_BODY = YES;
				CLANG_WARN_ENUM_CONVERSION = YES;
				CLANG_WARN_INFINITE_RECURSION = YES;
				CLANG_WARN_INT_CONVERSION = YES;
				CLANG_WARN_NON_LITERAL_NULL_CONVERSION = YES;
				CLANG_WARN_OBJC_IMPLICIT_RETAIN_SELF = YES;
				CLANG_WARN_OBJC_LITERAL_CONVERSION = YES;
				CLANG_WARN_OBJC_ROOT_CLASS = YES_ERROR;
				CLANG_WARN_RANGE_LOOP_ANALYSIS = YES;
				CLANG_WARN_STRICT_PROTOTYPES = YES;
				CLANG_WARN_SUSPICIOUS_MOVE = YES;
				CLANG_WARN_UNGUARDED_AVAILABILITY = YES_AGGRESSIVE;
				CLANG_WARN_UNREACHABLE_CODE = YES;
				CLANG_WARN__DUPLICATE_METHOD_MATCH = YES;
				CODE_SIGN_IDENTITY = "iPhone Developer";
				COPY_PHASE_STRIP = NO;
				DEBUG_INFORMATION_FORMAT = "dwarf-with-dsym";
				ENABLE_NS_ASSERTIONS = NO;
				ENABLE_STRICT_OBJC_MSGSEND = YES;
				GCC_C_LANGUAGE_STANDARD = gnu11;
				GCC_NO_COMMON_BLOCKS = YES;
				GCC_WARN_64_TO_32_BIT_CONVERSION = YES;
				GCC_WARN_ABOUT_RETURN_TYPE = YES_ERROR;
				GCC_WARN_UNDECLARED_SELECTOR = YES;
				GCC_WARN_UNINITIALIZED_AUTOS = YES_AGGRESSIVE;
				GCC_WARN_UNUSED_FUNCTION = YES;
				GCC_WARN_UNUSED_VARIABLE = YES;
				IPHONEOS_DEPLOYMENT_TARGET = 11.4;
				MTL_ENABLE_DEBUG_INFO = NO;
				MTL_FAST_MATH = YES;
				SDKROOT = iphoneos;
				SWIFT_COMPILATION_MODE = wholemodule;
				SWIFT_OPTIMIZATION_LEVEL = "-O";
				VALIDATE_PRODUCT = YES;
			};
			name = Release;
		};
		FA22B83F229446FD00285732 /* Debug */ = {
			isa = XCBuildConfiguration;
			baseConfigurationReference = 88C38823B01DAE7EE0848112 /* Pods-FormationSwift.debug.xcconfig */;
			buildSettings = {
				ASSETCATALOG_COMPILER_APPICON_NAME = AppIcon;
				CODE_SIGN_STYLE = Automatic;
				INFOPLIST_FILE = FormationSwift/Info.plist;
				LD_RUNPATH_SEARCH_PATHS = (
					"$(inherited)",
					"@executable_path/Frameworks",
				);
				PRODUCT_BUNDLE_IDENTIFIER = com.myluckyday.test.FormationSwift;
				PRODUCT_NAME = "$(TARGET_NAME)";
				SWIFT_VERSION = 5.0;
				TARGETED_DEVICE_FAMILY = "1,2";
			};
			name = Debug;
		};
		FA22B840229446FD00285732 /* Release */ = {
			isa = XCBuildConfiguration;
			baseConfigurationReference = 439499AF6E33BDC4327E33B8 /* Pods-FormationSwift.release.xcconfig */;
			buildSettings = {
				ASSETCATALOG_COMPILER_APPICON_NAME = AppIcon;
				CODE_SIGN_STYLE = Automatic;
				INFOPLIST_FILE = FormationSwift/Info.plist;
				LD_RUNPATH_SEARCH_PATHS = (
					"$(inherited)",
					"@executable_path/Frameworks",
				);
				PRODUCT_BUNDLE_IDENTIFIER = com.myluckyday.test.FormationSwift;
				PRODUCT_NAME = "$(TARGET_NAME)";
				SWIFT_VERSION = 5.0;
				TARGETED_DEVICE_FAMILY = "1,2";
			};
			name = Release;
		};
		FA22B842229446FD00285732 /* Debug */ = {
			isa = XCBuildConfiguration;
			baseConfigurationReference = EB8A28D63FAC8CB846C3280D /* Pods-FormationSwiftTests.debug.xcconfig */;
			buildSettings = {
				ALWAYS_EMBED_SWIFT_STANDARD_LIBRARIES = YES;
				BUNDLE_LOADER = "$(TEST_HOST)";
				CODE_SIGN_STYLE = Automatic;
				INFOPLIST_FILE = FormationSwiftTests/Info.plist;
				LD_RUNPATH_SEARCH_PATHS = (
					"$(inherited)",
					"@executable_path/Frameworks",
					"@loader_path/Frameworks",
				);
				PRODUCT_BUNDLE_IDENTIFIER = com.myluckyday.test.FormationSwiftTests;
				PRODUCT_NAME = "$(TARGET_NAME)";
				SWIFT_VERSION = 5.0;
				TARGETED_DEVICE_FAMILY = "1,2";
				TEST_HOST = "$(BUILT_PRODUCTS_DIR)/FormationSwift.app/FormationSwift";
			};
			name = Debug;
		};
		FA22B843229446FD00285732 /* Release */ = {
			isa = XCBuildConfiguration;
			baseConfigurationReference = A923A9CA74D34F9BA9889057 /* Pods-FormationSwiftTests.release.xcconfig */;
			buildSettings = {
				ALWAYS_EMBED_SWIFT_STANDARD_LIBRARIES = YES;
				BUNDLE_LOADER = "$(TEST_HOST)";
				CODE_SIGN_STYLE = Automatic;
				INFOPLIST_FILE = FormationSwiftTests/Info.plist;
				LD_RUNPATH_SEARCH_PATHS = (
					"$(inherited)",
					"@executable_path/Frameworks",
					"@loader_path/Frameworks",
				);
				PRODUCT_BUNDLE_IDENTIFIER = com.myluckyday.test.FormationSwiftTests;
				PRODUCT_NAME = "$(TARGET_NAME)";
				SWIFT_VERSION = 5.0;
				TARGETED_DEVICE_FAMILY = "1,2";
				TEST_HOST = "$(BUILT_PRODUCTS_DIR)/FormationSwift.app/FormationSwift";
			};
			name = Release;
		};
		FA22B845229446FD00285732 /* Debug */ = {
			isa = XCBuildConfiguration;
			baseConfigurationReference = D6BDF77B492A80F9E59D2179 /* Pods-FormationSwiftUITests.debug.xcconfig */;
			buildSettings = {
				ALWAYS_EMBED_SWIFT_STANDARD_LIBRARIES = YES;
				CODE_SIGN_STYLE = Automatic;
				INFOPLIST_FILE = FormationSwiftUITests/Info.plist;
				LD_RUNPATH_SEARCH_PATHS = (
					"$(inherited)",
					"@executable_path/Frameworks",
					"@loader_path/Frameworks",
				);
				PRODUCT_BUNDLE_IDENTIFIER = com.myluckyday.test.FormationSwiftUITests;
				PRODUCT_NAME = "$(TARGET_NAME)";
				SWIFT_VERSION = 5.0;
				TARGETED_DEVICE_FAMILY = "1,2";
				TEST_TARGET_NAME = FormationSwift;
			};
			name = Debug;
		};
		FA22B846229446FD00285732 /* Release */ = {
			isa = XCBuildConfiguration;
			baseConfigurationReference = 923B9B873BD2AA3E43FE69C3 /* Pods-FormationSwiftUITests.release.xcconfig */;
			buildSettings = {
				ALWAYS_EMBED_SWIFT_STANDARD_LIBRARIES = YES;
				CODE_SIGN_STYLE = Automatic;
				INFOPLIST_FILE = FormationSwiftUITests/Info.plist;
				LD_RUNPATH_SEARCH_PATHS = (
					"$(inherited)",
					"@executable_path/Frameworks",
					"@loader_path/Frameworks",
				);
				PRODUCT_BUNDLE_IDENTIFIER = com.myluckyday.test.FormationSwiftUITests;
				PRODUCT_NAME = "$(TARGET_NAME)";
				SWIFT_VERSION = 5.0;
				TARGETED_DEVICE_FAMILY = "1,2";
				TEST_TARGET_NAME = FormationSwift;
			};
			name = Release;
		};
/* End XCBuildConfiguration section */

/* Begin XCConfigurationList section */
		FA22B811229446FC00285732 /* Build configuration list for PBXProject "FormationSwift" */ = {
			isa = XCConfigurationList;
			buildConfigurations = (
				FA22B83C229446FD00285732 /* Debug */,
				FA22B83D229446FD00285732 /* Release */,
			);
			defaultConfigurationIsVisible = 0;
			defaultConfigurationName = Release;
		};
		FA22B83E229446FD00285732 /* Build configuration list for PBXNativeTarget "FormationSwift" */ = {
			isa = XCConfigurationList;
			buildConfigurations = (
				FA22B83F229446FD00285732 /* Debug */,
				FA22B840229446FD00285732 /* Release */,
			);
			defaultConfigurationIsVisible = 0;
			defaultConfigurationName = Release;
		};
		FA22B841229446FD00285732 /* Build configuration list for PBXNativeTarget "FormationSwiftTests" */ = {
			isa = XCConfigurationList;
			buildConfigurations = (
				FA22B842229446FD00285732 /* Debug */,
				FA22B843229446FD00285732 /* Release */,
			);
			defaultConfigurationIsVisible = 0;
			defaultConfigurationName = Release;
		};
		FA22B844229446FD00285732 /* Build configuration list for PBXNativeTarget "FormationSwiftUITests" */ = {
			isa = XCConfigurationList;
			buildConfigurations = (
				FA22B845229446FD00285732 /* Debug */,
				FA22B846229446FD00285732 /* Release */,
			);
			defaultConfigurationIsVisible = 0;
			defaultConfigurationName = Release;
		};
/* End XCConfigurationList section */
	};
	rootObject = FA22B80E229446FC00285732 /* Project object */;
}
