// !$*UTF8*$!
{
	archiveVersion = 1;
	classes = {
	};
	objectVersion = 50;
	objects = {

/* Begin PBXBuildFile section */
		FA22B81A229446FC00285732 /* AppDelegate.swift in Sources */ = {isa = PBXBuildFile; fileRef = FA22B819229446FC00285732 /* AppDelegate.swift */; };
		FA22B81C229446FC00285732 /* ViewController.swift in Sources */ = {isa = PBXBuildFile; fileRef = FA22B81B229446FC00285732 /* ViewController.swift */; };
		FA22B81F229446FC00285732 /* Main.storyboard in Resources */ = {isa = PBXBuildFile; fileRef = FA22B81D229446FC00285732 /* Main.storyboard */; };
		FA22B821229446FD00285732 /* Assets.xcassets in Resources */ = {isa = PBXBuildFile; fileRef = FA22B820229446FD00285732 /* Assets.xcassets */; };
		FA22B824229446FD00285732 /* LaunchScreen.storyboard in Resources */ = {isa = PBXBuildFile; fileRef = FA22B822229446FD00285732 /* LaunchScreen.storyboard */; };
		FA22B82F229446FD00285732 /* FormationSwiftTests.swift in Sources */ = {isa = PBXBuildFile; fileRef = FA22B82E229446FD00285732 /* FormationSwiftTests.swift */; };
		FA22B83A229446FD00285732 /* FormationSwiftUITests.swift in Sources */ = {isa = PBXBuildFile; fileRef = FA22B839229446FD00285732 /* FormationSwiftUITests.swift */; };
		FA22B849229447FD00285732 /* BasicTypes.swift in Sources */ = {isa = PBXBuildFile; fileRef = FA22B848229447FD00285732 /* BasicTypes.swift */; };
		FA27A79D22957E6A00AFFBB2 /* Advanced.swift in Sources */ = {isa = PBXBuildFile; fileRef = FA27A79C22957E6A00AFFBB2 /* Advanced.swift */; };
/* End PBXBuildFile section */

/* Begin PBXContainerItemProxy section */
		FA22B82B229446FD00285732 /* PBXContainerItemProxy */ = {
			isa = PBXContainerItemProxy;
			containerPortal = FA22B80E229446FC00285732 /* Project object */;
			proxyType = 1;
			remoteGlobalIDString = FA22B815229446FC00285732;
			remoteInfo = FormationSwift;
		};
		FA22B836229446FD00285732 /* PBXContainerItemProxy */ = {
			isa = PBXContainerItemProxy;
			containerPortal = FA22B80E229446FC00285732 /* Project object */;
			proxyType = 1;
			remoteGlobalIDString = FA22B815229446FC00285732;
			remoteInfo = FormationSwift;
		};
/* End PBXContainerItemProxy section */

/* Begin PBXFileReference section */
		FA22B816229446FC00285732 /* FormationSwift.app */ = {isa = PBXFileReference; explicitFileType = wrapper.application; includeInIndex = 0; path = FormationSwift.app; sourceTree = BUILT_PRODUCTS_DIR; };
		FA22B819229446FC00285732 /* AppDelegate.swift */ = {isa = PBXFileReference; lastKnownFileType = sourcecode.swift; path = AppDelegate.swift; sourceTree = "<group>"; };
		FA22B81B229446FC00285732 /* ViewController.swift */ = {isa = PBXFileReference; lastKnownFileType = sourcecode.swift; path = ViewController.swift; sourceTree = "<group>"; };
		FA22B81E229446FC00285732 /* Base */ = {isa = PBXFileReference; lastKnownFileType = file.storyboard; name = Base; path = Base.lproj/Main.storyboard; sourceTree = "<group>"; };
		FA22B820229446FD00285732 /* Assets.xcassets */ = {isa = PBXFileReference; lastKnownFileType = folder.assetcatalog; path = Assets.xcassets; sourceTree = "<group>"; };
		FA22B823229446FD00285732 /* Base */ = {isa = PBXFileReference; lastKnownFileType = file.storyboard; name = Base; path = Base.lproj/LaunchScreen.storyboard; sourceTree = "<group>"; };
		FA22B825229446FD00285732 /* Info.plist */ = {isa = PBXFileReference; lastKnownFileType = text.plist.xml; path = Info.plist; sourceTree = "<group>"; };
		FA22B82A229446FD00285732 /* FormationSwiftTests.xctest */ = {isa = PBXFileReference; explicitFileType = wrapper.cfbundle; includeInIndex = 0; path = FormationSwiftTests.xctest; sourceTree = BUILT_PRODUCTS_DIR; };
		FA22B82E229446FD00285732 /* FormationSwiftTests.swift */ = {isa = PBXFileReference; lastKnownFileType = sourcecode.swift; path = FormationSwiftTests.swift; sourceTree = "<group>"; };
		FA22B830229446FD00285732 /* Info.plist */ = {isa = PBXFileReference; lastKnownFileType = text.plist.xml; path = Info.plist; sourceTree = "<group>"; };
		FA22B835229446FD00285732 /* FormationSwiftUITests.xctest */ = {isa = PBXFileReference; explicitFileType = wrapper.cfbundle; includeInIndex = 0; path = FormationSwiftUITests.xctest; sourceTree = BUILT_PRODUCTS_DIR; };
		FA22B839229446FD00285732 /* FormationSwiftUITests.swift */ = {isa = PBXFileReference; lastKnownFileType = sourcecode.swift; path = FormationSwiftUITests.swift; sourceTree = "<group>"; };
		FA22B83B229446FD00285732 /* Info.plist */ = {isa = PBXFileReference; lastKnownFileType = text.plist.xml; path = Info.plist; sourceTree = "<group>"; };
		FA22B848229447FD00285732 /* BasicTypes.swift */ = {isa = PBXFileReference; lastKnownFileType = sourcecode.swift; path = BasicTypes.swift; sourceTree = "<group>"; };
		FA27A79C22957E6A00AFFBB2 /* Advanced.swift */ = {isa = PBXFileReference; lastKnownFileType = sourcecode.swift; path = Advanced.swift; sourceTree = "<group>"; };
/* End PBXFileReference section */

/* Begin PBXFrameworksBuildPhase section */
		FA22B813229446FC00285732 /* Frameworks */ = {
			isa = PBXFrameworksBuildPhase;
			buildActionMask = 2147483647;
			files = (
			);
			runOnlyForDeploymentPostprocessing = 0;
		};
		FA22B827229446FD00285732 /* Frameworks */ = {
			isa = PBXFrameworksBuildPhase;
			buildActionMask = 2147483647;
			files = (
			);
			runOnlyForDeploymentPostprocessing = 0;
		};
		FA22B832229446FD00285732 /* Frameworks */ = {
			isa = PBXFrameworksBuildPhase;
			buildActionMask = 2147483647;
			files = (
			);
			runOnlyForDeploymentPostprocessing = 0;
		};
/* End PBXFrameworksBuildPhase section */

/* Begin PBXGroup section */
		FA22B80D229446FC00285732 = {
			isa = PBXGroup;
			children = (
				FA22B818229446FC00285732 /* FormationSwift */,
				FA22B82D229446FD00285732 /* FormationSwiftTests */,
				FA22B838229446FD00285732 /* FormationSwiftUITests */,
				FA22B817229446FC00285732 /* Products */,
			);
			sourceTree = "<group>";
		};
		FA22B817229446FC00285732 /* Products */ = {
			isa = PBXGroup;
			children = (
				FA22B816229446FC00285732 /* FormationSwift.app */,
				FA22B82A229446FD00285732 /* FormationSwiftTests.xctest */,
				FA22B835229446FD00285732 /* FormationSwiftUITests.xctest */,
			);
			name = Products;
			sourceTree = "<group>";
		};
		FA22B818229446FC00285732 /* FormationSwift */ = {
			isa = PBXGroup;
			children = (
				FA22B8472294477B00285732 /* Session2 */,
				FA22B819229446FC00285732 /* AppDelegate.swift */,
				FA22B81B229446FC00285732 /* ViewController.swift */,
				FA22B81D229446FC00285732 /* Main.storyboard */,
				FA22B820229446FD00285732 /* Assets.xcassets */,
				FA22B822229446FD00285732 /* LaunchScreen.storyboard */,
				FA22B825229446FD00285732 /* Info.plist */,
			);
			path = FormationSwift;
			sourceTree = "<group>";
		};
		FA22B82D229446FD00285732 /* FormationSwiftTests */ = {
			isa = PBXGroup;
			children = (
				FA22B82E229446FD00285732 /* FormationSwiftTests.swift */,
				FA22B830229446FD00285732 /* Info.plist */,
			);
			path = FormationSwiftTests;
			sourceTree = "<group>";
		};
		FA22B838229446FD00285732 /* FormationSwiftUITests */ = {
			isa = PBXGroup;
			children = (
				FA22B839229446FD00285732 /* FormationSwiftUITests.swift */,
				FA22B83B229446FD00285732 /* Info.plist */,
			);
			path = FormationSwiftUITests;
			sourceTree = "<group>";
		};
		FA22B8472294477B00285732 /* Session2 */ = {
			isa = PBXGroup;
			children = (
				FA22B848229447FD00285732 /* BasicTypes.swift */,
				FA27A79C22957E6A00AFFBB2 /* Advanced.swift */,
			);
			path = Session2;
			sourceTree = "<group>";
		};
/* End PBXGroup section */

/* Begin PBXNativeTarget section */
		FA22B815229446FC00285732 /* FormationSwift */ = {
			isa = PBXNativeTarget;
			buildConfigurationList = FA22B83E229446FD00285732 /* Build configuration list for PBXNativeTarget "FormationSwift" */;
			buildPhases = (
				FA22B812229446FC00285732 /* Sources */,
				FA22B813229446FC00285732 /* Frameworks */,
				FA22B814229446FC00285732 /* Resources */,
			);
			buildRules = (
			);
			dependencies = (
			);
			name = FormationSwift;
			productName = FormationSwift;
			productReference = FA22B816229446FC00285732 /* FormationSwift.app */;
			productType = "com.apple.product-type.application";
		};
		FA22B829229446FD00285732 /* FormationSwiftTests */ = {
			isa = PBXNativeTarget;
			buildConfigurationList = FA22B841229446FD00285732 /* Build configuration list for PBXNativeTarget "FormationSwiftTests" */;
			buildPhases = (
				FA22B826229446FD00285732 /* Sources */,
				FA22B827229446FD00285732 /* Frameworks */,
				FA22B828229446FD00285732 /* Resources */,
			);
			buildRules = (
			);
			dependencies = (
				FA22B82C229446FD00285732 /* PBXTargetDependency */,
			);
			name = FormationSwiftTests;
			productName = FormationSwiftTests;
			productReference = FA22B82A229446FD00285732 /* FormationSwiftTests.xctest */;
			productType = "com.apple.product-type.bundle.unit-test";
		};
		FA22B834229446FD00285732 /* FormationSwiftUITests */ = {
			isa = PBXNativeTarget;
			buildConfigurationList = FA22B844229446FD00285732 /* Build configuration list for PBXNativeTarget "FormationSwiftUITests" */;
			buildPhases = (
				FA22B831229446FD00285732 /* Sources */,
				FA22B832229446FD00285732 /* Frameworks */,
				FA22B833229446FD00285732 /* Resources */,
			);
			buildRules = (
			);
			dependencies = (
				FA22B837229446FD00285732 /* PBXTargetDependency */,
			);
			name = FormationSwiftUITests;
			productName = FormationSwiftUITests;
			productReference = FA22B835229446FD00285732 /* FormationSwiftUITests.xctest */;
			productType = "com.apple.product-type.bundle.ui-testing";
		};
/* End PBXNativeTarget section */

/* Begin PBXProject section */
		FA22B80E229446FC00285732 /* Project object */ = {
			isa = PBXProject;
			attributes = {
				LastSwiftUpdateCheck = 1020;
				LastUpgradeCheck = 1020;
				ORGANIZATIONNAME = MyLuckyDay;
				TargetAttributes = {
					FA22B815229446FC00285732 = {
						CreatedOnToolsVersion = 10.2.1;
					};
					FA22B829229446FD00285732 = {
						CreatedOnToolsVersion = 10.2.1;
						TestTargetID = FA22B815229446FC00285732;
					};
					FA22B834229446FD00285732 = {
						CreatedOnToolsVersion = 10.2.1;
						TestTargetID = FA22B815229446FC00285732;
					};
				};
			};
			buildConfigurationList = FA22B811229446FC00285732 /* Build configuration list for PBXProject "FormationSwift" */;
			compatibilityVersion = "Xcode 9.3";
			developmentRegion = en;
			hasScannedForEncodings = 0;
			knownRegions = (
				en,
				Base,
			);
			mainGroup = FA22B80D229446FC00285732;
			productRefGroup = FA22B817229446FC00285732 /* Products */;
			projectDirPath = "";
			projectRoot = "";
			targets = (
				FA22B815229446FC00285732 /* FormationSwift */,
				FA22B829229446FD00285732 /* FormationSwiftTests */,
				FA22B834229446FD00285732 /* FormationSwiftUITests */,
			);
		};
/* End PBXProject section */

/* Begin PBXResourcesBuildPhase section */
		FA22B814229446FC00285732 /* Resources */ = {
			isa = PBXResourcesBuildPhase;
			buildActionMask = 2147483647;
			files = (
				FA22B824229446FD00285732 /* LaunchScreen.storyboard in Resources */,
				FA22B821229446FD00285732 /* Assets.xcassets in Resources */,
				FA22B81F229446FC00285732 /* Main.storyboard in Resources */,
			);
			runOnlyForDeploymentPostprocessing = 0;
		};
		FA22B828229446FD00285732 /* Resources */ = {
			isa = PBXResourcesBuildPhase;
			buildActionMask = 2147483647;
			files = (
			);
			runOnlyForDeploymentPostprocessing = 0;
		};
		FA22B833229446FD00285732 /* Resources */ = {
			isa = PBXResourcesBuildPhase;
			buildActionMask = 2147483647;
			files = (
			);
			runOnlyForDeploymentPostprocessing = 0;
		};
/* End PBXResourcesBuildPhase section */

/* Begin PBXSourcesBuildPhase section */
		FA22B812229446FC00285732 /* Sources */ = {
			isa = PBXSourcesBuildPhase;
			buildActionMask = 2147483647;
			files = (
				FA22B81C229446FC00285732 /* ViewController.swift in Sources */,
				FA22B81A229446FC00285732 /* AppDelegate.swift in Sources */,
				FA22B849229447FD00285732 /* BasicTypes.swift in Sources */,
				FA27A79D22957E6A00AFFBB2 /* Advanced.swift in Sources */,
			);
			runOnlyForDeploymentPostprocessing = 0;
		};
		FA22B826229446FD00285732 /* Sources */ = {
			isa = PBXSourcesBuildPhase;
			buildActionMask = 2147483647;
			files = (
				FA22B82F229446FD00285732 /* FormationSwiftTests.swift in Sources */,
			);
			runOnlyForDeploymentPostprocessing = 0;
		};
		FA22B831229446FD00285732 /* Sources */ = {
			isa = PBXSourcesBuildPhase;
			buildActionMask = 2147483647;
			files = (
				FA22B83A229446FD00285732 /* FormationSwiftUITests.swift in Sources */,
			);
			runOnlyForDeploymentPostprocessing = 0;
		};
/* End PBXSourcesBuildPhase section */

/* Begin PBXTargetDependency section */
		FA22B82C229446FD00285732 /* PBXTargetDependency */ = {
			isa = PBXTargetDependency;
			target = FA22B815229446FC00285732 /* FormationSwift */;
			targetProxy = FA22B82B229446FD00285732 /* PBXContainerItemProxy */;
		};
		FA22B837229446FD00285732 /* PBXTargetDependency */ = {
			isa = PBXTargetDependency;
			target = FA22B815229446FC00285732 /* FormationSwift */;
			targetProxy = FA22B836229446FD00285732 /* PBXContainerItemProxy */;
		};
/* End PBXTargetDependency section */

/* Begin PBXVariantGroup section */
		FA22B81D229446FC00285732 /* Main.storyboard */ = {
			isa = PBXVariantGroup;
			children = (
				FA22B81E229446FC00285732 /* Base */,
			);
			name = Main.storyboard;
			sourceTree = "<group>";
		};
		FA22B822229446FD00285732 /* LaunchScreen.storyboard */ = {
			isa = PBXVariantGroup;
			children = (
				FA22B823229446FD00285732 /* Base */,
			);
			name = LaunchScreen.storyboard;
			sourceTree = "<group>";
		};
/* End PBXVariantGroup section */

/* Begin XCBuildConfiguration section */
		FA22B83C229446FD00285732 /* Debug */ = {
			isa = XCBuildConfiguration;
			buildSettings = {
				ALWAYS_SEARCH_USER_PATHS = NO;
				CLANG_ANALYZER_NONNULL = YES;
				CLANG_ANALYZER_NUMBER_OBJECT_CONVERSION = YES_AGGRESSIVE;
				CLANG_CXX_LANGUAGE_STANDARD = "gnu++14";
				CLANG_CXX_LIBRARY = "libc++";
				CLANG_ENABLE_MODULES = YES;
				CLANG_ENABLE_OBJC_ARC = YES;
				CLANG_ENABLE_OBJC_WEAK = YES;
				CLANG_WARN_BLOCK_CAPTURE_AUTORELEASING = YES;
				CLANG_WARN_BOOL_CONVERSION = YES;
				CLANG_WARN_COMMA = YES;
				CLANG_WARN_CONSTANT_CONVERSION = YES;
				CLANG_WARN_DEPRECATED_OBJC_IMPLEMENTATIONS = YES;
				CLANG_WARN_DIRECT_OBJC_ISA_USAGE = YES_ERROR;
				CLANG_WARN_DOCUMENTATION_COMMENTS = YES;
				CLANG_WARN_EMPTY_BODY = YES;
				CLANG_WARN_ENUM_CONVERSION = YES;
				CLANG_WARN_INFINITE_RECURSION = YES;
				CLANG_WARN_INT_CONVERSION = YES;
				CLANG_WARN_NON_LITERAL_NULL_CONVERSION = YES;
				CLANG_WARN_OBJC_IMPLICIT_RETAIN_SELF = YES;
				CLANG_WARN_OBJC_LITERAL_CONVERSION = YES;
				CLANG_WARN_OBJC_ROOT_CLASS = YES_ERROR;
				CLANG_WARN_RANGE_LOOP_ANALYSIS = YES;
				CLANG_WARN_STRICT_PROTOTYPES = YES;
				CLANG_WARN_SUSPICIOUS_MOVE = YES;
				CLANG_WARN_UNGUARDED_AVAILABILITY = YES_AGGRESSIVE;
				CLANG_WARN_UNREACHABLE_CODE = YES;
				CLANG_WARN__DUPLICATE_METHOD_MATCH = YES;
				CODE_SIGN_IDENTITY = "iPhone Developer";
				COPY_PHASE_STRIP = NO;
				DEBUG_INFORMATION_FORMAT = dwarf;
				ENABLE_STRICT_OBJC_MSGSEND = YES;
				ENABLE_TESTABILITY = YES;
				GCC_C_LANGUAGE_STANDARD = gnu11;
				GCC_DYNAMIC_NO_PIC = NO;
				GCC_NO_COMMON_BLOCKS = YES;
				GCC_OPTIMIZATION_LEVEL = 0;
				GCC_PREPROCESSOR_DEFINITIONS = (
					"DEBUG=1",
					"$(inherited)",
				);
				GCC_WARN_64_TO_32_BIT_CONVERSION = YES;
				GCC_WARN_ABOUT_RETURN_TYPE = YES_ERROR;
				GCC_WARN_UNDECLARED_SELECTOR = YES;
				GCC_WARN_UNINITIALIZED_AUTOS = YES_AGGRESSIVE;
				GCC_WARN_UNUSED_FUNCTION = YES;
				GCC_WARN_UNUSED_VARIABLE = YES;
				IPHONEOS_DEPLOYMENT_TARGET = 12.2;
				MTL_ENABLE_DEBUG_INFO = INCLUDE_SOURCE;
				MTL_FAST_MATH = YES;
				ONLY_ACTIVE_ARCH = YES;
				SDKROOT = iphoneos;
				SWIFT_ACTIVE_COMPILATION_CONDITIONS = DEBUG;
				SWIFT_OPTIMIZATION_LEVEL = "-Onone";
			};
			name = Debug;
		};
		FA22B83D229446FD00285732 /* Release */ = {
			isa = XCBuildConfiguration;
			buildSettings = {
				ALWAYS_SEARCH_USER_PATHS = NO;
				CLANG_ANALYZER_NONNULL = YES;
				CLANG_ANALYZER_NUMBER_OBJECT_CONVERSION = YES_AGGRESSIVE;
				CLANG_CXX_LANGUAGE_STANDARD = "gnu++14";
				CLANG_CXX_LIBRARY = "libc++";
				CLANG_ENABLE_MODULES = YES;
				CLANG_ENABLE_OBJC_ARC = YES;
				CLANG_ENABLE_OBJC_WEAK = YES;
				CLANG_WARN_BLOCK_CAPTURE_AUTORELEASING = YES;
				CLANG_WARN_BOOL_CONVERSION = YES;
				CLANG_WARN_COMMA = YES;
				CLANG_WARN_CONSTANT_CONVERSION = YES;
				CLANG_WARN_DEPRECATED_OBJC_IMPLEMENTATIONS = YES;
				CLANG_WARN_DIRECT_OBJC_ISA_USAGE = YES_ERROR;
				CLANG_WARN_DOCUMENTATION_COMMENTS = YES;
				CLANG_WARN_EMPTY_BODY = YES;
				CLANG_WARN_ENUM_CONVERSION = YES;
				CLANG_WARN_INFINITE_RECURSION = YES;
				CLANG_WARN_INT_CONVERSION = YES;
				CLANG_WARN_NON_LITERAL_NULL_CONVERSION = YES;
				CLANG_WARN_OBJC_IMPLICIT_RETAIN_SELF = YES;
				CLANG_WARN_OBJC_LITERAL_CONVERSION = YES;
				CLANG_WARN_OBJC_ROOT_CLASS = YES_ERROR;
				CLANG_WARN_RANGE_LOOP_ANALYSIS = YES;
				CLANG_WARN_STRICT_PROTOTYPES = YES;
				CLANG_WARN_SUSPICIOUS_MOVE = YES;
				CLANG_WARN_UNGUARDED_AVAILABILITY = YES_AGGRESSIVE;
				CLANG_WARN_UNREACHABLE_CODE = YES;
				CLANG_WARN__DUPLICATE_METHOD_MATCH = YES;
				CODE_SIGN_IDENTITY = "iPhone Developer";
				COPY_PHASE_STRIP = NO;
				DEBUG_INFORMATION_FORMAT = "dwarf-with-dsym";
				ENABLE_NS_ASSERTIONS = NO;
				ENABLE_STRICT_OBJC_MSGSEND = YES;
				GCC_C_LANGUAGE_STANDARD = gnu11;
				GCC_NO_COMMON_BLOCKS = YES;
				GCC_WARN_64_TO_32_BIT_CONVERSION = YES;
				GCC_WARN_ABOUT_RETURN_TYPE = YES_ERROR;
				GCC_WARN_UNDECLARED_SELECTOR = YES;
				GCC_WARN_UNINITIALIZED_AUTOS = YES_AGGRESSIVE;
				GCC_WARN_UNUSED_FUNCTION = YES;
				GCC_WARN_UNUSED_VARIABLE = YES;
				IPHONEOS_DEPLOYMENT_TARGET = 12.2;
				MTL_ENABLE_DEBUG_INFO = NO;
				MTL_FAST_MATH = YES;
				SDKROOT = iphoneos;
				SWIFT_COMPILATION_MODE = wholemodule;
				SWIFT_OPTIMIZATION_LEVEL = "-O";
				VALIDATE_PRODUCT = YES;
			};
			name = Release;
		};
		FA22B83F229446FD00285732 /* Debug */ = {
			isa = XCBuildConfiguration;
			buildSettings = {
				ASSETCATALOG_COMPILER_APPICON_NAME = AppIcon;
				CODE_SIGN_STYLE = Automatic;
				GCC_WARN_INHIBIT_ALL_WARNINGS = NO;
				INFOPLIST_FILE = FormationSwift/Info.plist;
				LD_RUNPATH_SEARCH_PATHS = (
					"$(inherited)",
					"@executable_path/Frameworks",
				);
				PRODUCT_BUNDLE_IDENTIFIER = com.myluckyday.test.FormationSwift;
				PRODUCT_NAME = "$(TARGET_NAME)";
				SWIFT_SUPPRESS_WARNINGS = YES;
				SWIFT_VERSION = 5.0;
				TARGETED_DEVICE_FAMILY = "1,2";
			};
			name = Debug;
		};
		FA22B840229446FD00285732 /* Release */ = {
			isa = XCBuildConfiguration;
			buildSettings = {
				ASSETCATALOG_COMPILER_APPICON_NAME = AppIcon;
				CODE_SIGN_STYLE = Automatic;
				GCC_WARN_INHIBIT_ALL_WARNINGS = NO;
				INFOPLIST_FILE = FormationSwift/Info.plist;
				LD_RUNPATH_SEARCH_PATHS = (
					"$(inherited)",
					"@executable_path/Frameworks",
				);
				PRODUCT_BUNDLE_IDENTIFIER = com.myluckyday.test.FormationSwift;
				PRODUCT_NAME = "$(TARGET_NAME)";
				SWIFT_SUPPRESS_WARNINGS = YES;
				SWIFT_VERSION = 5.0;
				TARGETED_DEVICE_FAMILY = "1,2";
			};
			name = Release;
		};
		FA22B842229446FD00285732 /* Debug */ = {
			isa = XCBuildConfiguration;
			buildSettings = {
				ALWAYS_EMBED_SWIFT_STANDARD_LIBRARIES = YES;
				BUNDLE_LOADER = "$(TEST_HOST)";
				CODE_SIGN_STYLE = Automatic;
				INFOPLIST_FILE = FormationSwiftTests/Info.plist;
				LD_RUNPATH_SEARCH_PATHS = (
					"$(inherited)",
					"@executable_path/Frameworks",
					"@loader_path/Frameworks",
				);
				PRODUCT_BUNDLE_IDENTIFIER = com.myluckyday.test.FormationSwiftTests;
				PRODUCT_NAME = "$(TARGET_NAME)";
				SWIFT_VERSION = 5.0;
				TARGETED_DEVICE_FAMILY = "1,2";
				TEST_HOST = "$(BUILT_PRODUCTS_DIR)/FormationSwift.app/FormationSwift";
			};
			name = Debug;
		};
		FA22B843229446FD00285732 /* Release */ = {
			isa = XCBuildConfiguration;
			buildSettings = {
				ALWAYS_EMBED_SWIFT_STANDARD_LIBRARIES = YES;
				BUNDLE_LOADER = "$(TEST_HOST)";
				CODE_SIGN_STYLE = Automatic;
				INFOPLIST_FILE = FormationSwiftTests/Info.plist;
				LD_RUNPATH_SEARCH_PATHS = (
					"$(inherited)",
					"@executable_path/Frameworks",
					"@loader_path/Frameworks",
				);
				PRODUCT_BUNDLE_IDENTIFIER = com.myluckyday.test.FormationSwiftTests;
				PRODUCT_NAME = "$(TARGET_NAME)";
				SWIFT_VERSION = 5.0;
				TARGETED_DEVICE_FAMILY = "1,2";
				TEST_HOST = "$(BUILT_PRODUCTS_DIR)/FormationSwift.app/FormationSwift";
			};
			name = Release;
		};
		FA22B845229446FD00285732 /* Debug */ = {
			isa = XCBuildConfiguration;
			buildSettings = {
				ALWAYS_EMBED_SWIFT_STANDARD_LIBRARIES = YES;
				CODE_SIGN_STYLE = Automatic;
				INFOPLIST_FILE = FormationSwiftUITests/Info.plist;
				LD_RUNPATH_SEARCH_PATHS = (
					"$(inherited)",
					"@executable_path/Frameworks",
					"@loader_path/Frameworks",
				);
				PRODUCT_BUNDLE_IDENTIFIER = com.myluckyday.test.FormationSwiftUITests;
				PRODUCT_NAME = "$(TARGET_NAME)";
				SWIFT_VERSION = 5.0;
				TARGETED_DEVICE_FAMILY = "1,2";
				TEST_TARGET_NAME = FormationSwift;
			};
			name = Debug;
		};
		FA22B846229446FD00285732 /* Release */ = {
			isa = XCBuildConfiguration;
			buildSettings = {
				ALWAYS_EMBED_SWIFT_STANDARD_LIBRARIES = YES;
				CODE_SIGN_STYLE = Automatic;
				INFOPLIST_FILE = FormationSwiftUITests/Info.plist;
				LD_RUNPATH_SEARCH_PATHS = (
					"$(inherited)",
					"@executable_path/Frameworks",
					"@loader_path/Frameworks",
				);
				PRODUCT_BUNDLE_IDENTIFIER = com.myluckyday.test.FormationSwiftUITests;
				PRODUCT_NAME = "$(TARGET_NAME)";
				SWIFT_VERSION = 5.0;
				TARGETED_DEVICE_FAMILY = "1,2";
				TEST_TARGET_NAME = FormationSwift;
			};
			name = Release;
		};
/* End XCBuildConfiguration section */

/* Begin XCConfigurationList section */
		FA22B811229446FC00285732 /* Build configuration list for PBXProject "FormationSwift" */ = {
			isa = XCConfigurationList;
			buildConfigurations = (
				FA22B83C229446FD00285732 /* Debug */,
				FA22B83D229446FD00285732 /* Release */,
			);
			defaultConfigurationIsVisible = 0;
			defaultConfigurationName = Release;
		};
		FA22B83E229446FD00285732 /* Build configuration list for PBXNativeTarget "FormationSwift" */ = {
			isa = XCConfigurationList;
			buildConfigurations = (
				FA22B83F229446FD00285732 /* Debug */,
				FA22B840229446FD00285732 /* Release */,
			);
			defaultConfigurationIsVisible = 0;
			defaultConfigurationName = Release;
		};
		FA22B841229446FD00285732 /* Build configuration list for PBXNativeTarget "FormationSwiftTests" */ = {
			isa = XCConfigurationList;
			buildConfigurations = (
				FA22B842229446FD00285732 /* Debug */,
				FA22B843229446FD00285732 /* Release */,
			);
			defaultConfigurationIsVisible = 0;
			defaultConfigurationName = Release;
		};
		FA22B844229446FD00285732 /* Build configuration list for PBXNativeTarget "FormationSwiftUITests" */ = {
			isa = XCConfigurationList;
			buildConfigurations = (
				FA22B845229446FD00285732 /* Debug */,
				FA22B846229446FD00285732 /* Release */,
			);
			defaultConfigurationIsVisible = 0;
			defaultConfigurationName = Release;
		};
/* End XCConfigurationList section */
	};
	rootObject = FA22B80E229446FC00285732 /* Project object */;
}
